
Microsoft Visual Studio Solution File, Format Version 12.00
# Visual Studio Version 16
VisualStudioVersion = 16.0.29503.13
MinimumVisualStudioVersion = 10.0.40219.1
Project("{FAE04EC0-301F-11D3-BF4B-00C04F79EFBC}") = "BLL", "BLL\BLL.csproj", "{241AA68C-21F0-499C-A94A-AA264D8758B6}"
EndProject
Project("{FAE04EC0-301F-11D3-BF4B-00C04F79EFBC}") = "DAL", "DAL\DAL.csproj", "{0A1E03F3-5BC5-4F7E-AACB-AB75B6D62E4F}"
EndProject
Project("{FAE04EC0-301F-11D3-BF4B-00C04F79EFBC}") = "NewPizzaManager", "NewPizzaManager\NewPizzaManager.csproj", "{1E2B334D-C2D6-4468-9D91-9198864340F2}"
EndProject
Global
	GlobalSection(SolutionConfigurationPlatforms) = preSolution
		Debug|Any CPU = Debug|Any CPU
		Release|Any CPU = Release|Any CPU
	EndGlobalSection
	GlobalSection(ProjectConfigurationPlatforms) = postSolution
		{241AA68C-21F0-499C-A94A-AA264D8758B6}.Debug|Any CPU.ActiveCfg = Debug|Any CPU
		{241AA68C-21F0-499C-A94A-AA264D8758B6}.Debug|Any CPU.Build.0 = Debug|Any CPU
		{241AA68C-21F0-499C-A94A-AA264D8758B6}.Release|Any CPU.ActiveCfg = Release|Any CPU
		{241AA68C-21F0-499C-A94A-AA264D8758B6}.Release|Any CPU.Build.0 = Release|Any CPU
		{0A1E03F3-5BC5-4F7E-AACB-AB75B6D62E4F}.Debug|Any CPU.ActiveCfg = Debug|Any CPU
		{0A1E03F3-5BC5-4F7E-AACB-AB75B6D62E4F}.Debug|Any CPU.Build.0 = Debug|Any CPU
		{0A1E03F3-5BC5-4F7E-AACB-AB75B6D62E4F}.Release|Any CPU.ActiveCfg = Release|Any CPU
		{0A1E03F3-5BC5-4F7E-AACB-AB75B6D62E4F}.Release|Any CPU.Build.0 = Release|Any CPU
		{1E2B334D-C2D6-4468-9D91-9198864340F2}.Debug|Any CPU.ActiveCfg = Debug|Any CPU
		{1E2B334D-C2D6-4468-9D91-9198864340F2}.Debug|Any CPU.Build.0 = Debug|Any CPU
		{1E2B334D-C2D6-4468-9D91-9198864340F2}.Release|Any CPU.ActiveCfg = Release|Any CPU
		{1E2B334D-C2D6-4468-9D91-9198864340F2}.Release|Any CPU.Build.0 = Release|Any CPU
	EndGlobalSection
	GlobalSection(SolutionProperties) = preSolution
		HideSolutionNode = FALSE
	EndGlobalSection
	GlobalSection(ExtensibilityGlobals) = postSolution
		SolutionGuid = {A307DEEA-5EA0-4671-932A-82D953C6C981}
	EndGlobalSection
EndGlobal
